// !$*UTF8*$!
{
	archiveVersion = 1;
	classes = {
	};
	objectVersion = 46;
	objects = {

/* Begin PBXBuildFile section */
		0D2847811C7429040014E10D /* SignUpViewController.swift in Sources */ = {isa = PBXBuildFile; fileRef = 0D2847801C7429040014E10D /* SignUpViewController.swift */; };
		0D2847851C7429890014E10D /* SignUp.storyboard in Resources */ = {isa = PBXBuildFile; fileRef = 0D2847841C7429880014E10D /* SignUp.storyboard */; };
		0DD566FE1C699FC40016643D /* FirebaseTest.swift in Sources */ = {isa = PBXBuildFile; fileRef = 0DD566FD1C699FC40016643D /* FirebaseTest.swift */; };
		0DD830ED1C86A490001D0673 /* LoginViewController.swift in Sources */ = {isa = PBXBuildFile; fileRef = 0DD830EC1C86A490001D0673 /* LoginViewController.swift */; };
		0DD830F21C86BF71001D0673 /* SellerEditMenu.swift in Sources */ = {isa = PBXBuildFile; fileRef = 83FB0BE61C71BF6100CEE6EC /* SellerEditMenu.swift */; };
		313AA101784AE2E0A3849EFB /* Pods_Spotter.framework in Frameworks */ = {isa = PBXBuildFile; fileRef = 848CCE3F8AE4E3108DFA2DCA /* Pods_Spotter.framework */; };
		8360AC811C67103600D9747C /* HistoryViewController.swift in Sources */ = {isa = PBXBuildFile; fileRef = 8360AC801C67103600D9747C /* HistoryViewController.swift */; };
		83E2FA9E1C88549B00284620 /* UserInfoSingleton.swift in Sources */ = {isa = PBXBuildFile; fileRef = 83E2FA9D1C88549B00284620 /* UserInfoSingleton.swift */; };
		83E6964F1C66F19A007EB221 /* BackTableViewController.swift in Sources */ = {isa = PBXBuildFile; fileRef = 83E6964E1C66F19A007EB221 /* BackTableViewController.swift */; };
		83E89BEA1C66D29A00E446FA /* AppDelegate.swift in Sources */ = {isa = PBXBuildFile; fileRef = 83E89BE91C66D29A00E446FA /* AppDelegate.swift */; };
		83E89BEC1C66D29A00E446FA /* MapViewController.swift in Sources */ = {isa = PBXBuildFile; fileRef = 83E89BEB1C66D29A00E446FA /* MapViewController.swift */; };
		83E89BEF1C66D29A00E446FA /* Main.storyboard in Resources */ = {isa = PBXBuildFile; fileRef = 83E89BED1C66D29A00E446FA /* Main.storyboard */; };
		83E89BF11C66D29A00E446FA /* Assets.xcassets in Resources */ = {isa = PBXBuildFile; fileRef = 83E89BF01C66D29A00E446FA /* Assets.xcassets */; };
		83E89BF41C66D29A00E446FA /* LaunchScreen.storyboard in Resources */ = {isa = PBXBuildFile; fileRef = 83E89BF21C66D29A00E446FA /* LaunchScreen.storyboard */; };
		83E89BFF1C66D29A00E446FA /* SpotterTests.swift in Sources */ = {isa = PBXBuildFile; fileRef = 83E89BFE1C66D29A00E446FA /* SpotterTests.swift */; };
		83E89C0A1C66D29A00E446FA /* SpotterUITests.swift in Sources */ = {isa = PBXBuildFile; fileRef = 83E89C091C66D29A00E446FA /* SpotterUITests.swift */; };
		83E89C1B1C66D3CF00E446FA /* SWRevealViewController.m in Sources */ = {isa = PBXBuildFile; fileRef = 83E89C1A1C66D3CF00E446FA /* SWRevealViewController.m */; };
		83F836981CBF1562006858C8 /* BuySpotListingViewController.swift in Sources */ = {isa = PBXBuildFile; fileRef = 83F836971CBF1562006858C8 /* BuySpotListingViewController.swift */; };
		83F8369A1CC8376B006858C8 /* MarkerInfo.swift in Sources */ = {isa = PBXBuildFile; fileRef = 83F836991CC8376B006858C8 /* MarkerInfo.swift */; };
		83FB0BE91C73338600CEE6EC /* ParkingType.swift in Sources */ = {isa = PBXBuildFile; fileRef = 83FB0BE81C73338600CEE6EC /* ParkingType.swift */; };
		83FB0BED1C7D719D00CEE6EC /* SellerEditAddressViewController.swift in Sources */ = {isa = PBXBuildFile; fileRef = 83FB0BEC1C7D719D00CEE6EC /* SellerEditAddressViewController.swift */; };
		83FD768C1C7F0346004FAA5A /* SellerEditMenuSingleton.swift in Sources */ = {isa = PBXBuildFile; fileRef = 83FD768B1C7F0346004FAA5A /* SellerEditMenuSingleton.swift */; };
		83FEB1B61C81B6220086150F /* SellerEditPrice.swift in Sources */ = {isa = PBXBuildFile; fileRef = 83FEB1B51C81B6220086150F /* SellerEditPrice.swift */; };
		B313401A1C7D93AC003FD1D7 /* SearchResultsController.swift in Sources */ = {isa = PBXBuildFile; fileRef = B31340191C7D93AC003FD1D7 /* SearchResultsController.swift */; };
		B35DDB6F1C7D45480099BFBC /* MapTasks.swift in Sources */ = {isa = PBXBuildFile; fileRef = B35DDB6E1C7D45480099BFBC /* MapTasks.swift */; };
		B372C7941CCECC8B00C0094D /* SellerEditAvailableTimesViewController.swift in Sources */ = {isa = PBXBuildFile; fileRef = B372C7931CCECC8B00C0094D /* SellerEditAvailableTimesViewController.swift */; };
		B38F46881CBF2CCB00F5D4CC /* Listing.swift in Sources */ = {isa = PBXBuildFile; fileRef = B38F46871CBF2CCB00F5D4CC /* Listing.swift */; };
		B3A46FB91C6ECB490061A185 /* Home.storyboard in Resources */ = {isa = PBXBuildFile; fileRef = B3A46FB71C6ECB490061A185 /* Home.storyboard */; };
		B3A46FBB1C6ECBA10061A185 /* Selling.storyboard in Resources */ = {isa = PBXBuildFile; fileRef = B3A46FBA1C6ECBA10061A185 /* Selling.storyboard */; };
		B3A46FBE1C6ECBF60061A185 /* Settings.storyboard in Resources */ = {isa = PBXBuildFile; fileRef = B3A46FBC1C6ECBF60061A185 /* Settings.storyboard */; };
		B3A46FC11C6ECE660061A185 /* Profile.storyboard in Resources */ = {isa = PBXBuildFile; fileRef = B3A46FBF1C6ECE660061A185 /* Profile.storyboard */; };
		B3A46FC41C6ECE900061A185 /* Reservations.storyboard in Resources */ = {isa = PBXBuildFile; fileRef = B3A46FC21C6ECE900061A185 /* Reservations.storyboard */; };
		B3A46FC71C6ECECB0061A185 /* Payment.storyboard in Resources */ = {isa = PBXBuildFile; fileRef = B3A46FC51C6ECECB0061A185 /* Payment.storyboard */; };
		B3A46FC91C6ECEF30061A185 /* History.storyboard in Resources */ = {isa = PBXBuildFile; fileRef = B3A46FC81C6ECEF30061A185 /* History.storyboard */; };
		B3A46FCB1C6ECFB80061A185 /* ReservationsViewController.swift in Sources */ = {isa = PBXBuildFile; fileRef = B3A46FCA1C6ECFB80061A185 /* ReservationsViewController.swift */; };
		B3A46FCD1C6ECFD00061A185 /* PaymentViewController.swift in Sources */ = {isa = PBXBuildFile; fileRef = B3A46FCC1C6ECFD00061A185 /* PaymentViewController.swift */; };
		B3A46FCF1C6ECFE30061A185 /* ProfileViewController.swift in Sources */ = {isa = PBXBuildFile; fileRef = B3A46FCE1C6ECFE30061A185 /* ProfileViewController.swift */; };
		B3A46FD31C6ED3920061A185 /* SoldSpotsViewController.swift in Sources */ = {isa = PBXBuildFile; fileRef = B3A46FD21C6ED3920061A185 /* SoldSpotsViewController.swift */; };
		B3A46FD51C6ED39D0061A185 /* ListingsViewController.swift in Sources */ = {isa = PBXBuildFile; fileRef = B3A46FD41C6ED39D0061A185 /* ListingsViewController.swift */; };
		B3E2B29E1C6C2C9900B3FA0C /* BaseViewController.swift in Sources */ = {isa = PBXBuildFile; fileRef = B3E2B29D1C6C2C9900B3FA0C /* BaseViewController.swift */; };
/* End PBXBuildFile section */

/* Begin PBXContainerItemProxy section */
		83E89BFB1C66D29A00E446FA /* PBXContainerItemProxy */ = {
			isa = PBXContainerItemProxy;
			containerPortal = 83E89BDE1C66D29A00E446FA /* Project object */;
			proxyType = 1;
			remoteGlobalIDString = 83E89BE51C66D29A00E446FA;
			remoteInfo = Spotter;
		};
		83E89C061C66D29A00E446FA /* PBXContainerItemProxy */ = {
			isa = PBXContainerItemProxy;
			containerPortal = 83E89BDE1C66D29A00E446FA /* Project object */;
			proxyType = 1;
			remoteGlobalIDString = 83E89BE51C66D29A00E446FA;
			remoteInfo = Spotter;
		};
/* End PBXContainerItemProxy section */

/* Begin PBXFileReference section */
		04CC864E548E7E652923DC4F /* Pods-Spotter.debug.xcconfig */ = {isa = PBXFileReference; includeInIndex = 1; lastKnownFileType = text.xcconfig; name = "Pods-Spotter.debug.xcconfig"; path = "Pods/Target Support Files/Pods-Spotter/Pods-Spotter.debug.xcconfig"; sourceTree = "<group>"; };
		0D2847801C7429040014E10D /* SignUpViewController.swift */ = {isa = PBXFileReference; fileEncoding = 4; lastKnownFileType = sourcecode.swift; path = SignUpViewController.swift; sourceTree = "<group>"; };
		0D2847841C7429880014E10D /* SignUp.storyboard */ = {isa = PBXFileReference; fileEncoding = 4; lastKnownFileType = file.storyboard; path = SignUp.storyboard; sourceTree = "<group>"; };
		0DD566FD1C699FC40016643D /* FirebaseTest.swift */ = {isa = PBXFileReference; fileEncoding = 4; lastKnownFileType = sourcecode.swift; path = FirebaseTest.swift; sourceTree = "<group>"; };
		0DD830EC1C86A490001D0673 /* LoginViewController.swift */ = {isa = PBXFileReference; fileEncoding = 4; lastKnownFileType = sourcecode.swift; path = LoginViewController.swift; sourceTree = "<group>"; };
		81E584F28AF02E9A285B4276 /* Pods-Spotter.release.xcconfig */ = {isa = PBXFileReference; includeInIndex = 1; lastKnownFileType = text.xcconfig; name = "Pods-Spotter.release.xcconfig"; path = "Pods/Target Support Files/Pods-Spotter/Pods-Spotter.release.xcconfig"; sourceTree = "<group>"; };
		8360AC801C67103600D9747C /* HistoryViewController.swift */ = {isa = PBXFileReference; fileEncoding = 4; lastKnownFileType = sourcecode.swift; path = HistoryViewController.swift; sourceTree = "<group>"; };
		83E2FA9D1C88549B00284620 /* UserInfoSingleton.swift */ = {isa = PBXFileReference; fileEncoding = 4; lastKnownFileType = sourcecode.swift; path = UserInfoSingleton.swift; sourceTree = "<group>"; };
		83E6964E1C66F19A007EB221 /* BackTableViewController.swift */ = {isa = PBXFileReference; fileEncoding = 4; lastKnownFileType = sourcecode.swift; path = BackTableViewController.swift; sourceTree = "<group>"; };
		83E89BE61C66D29A00E446FA /* Spotter.app */ = {isa = PBXFileReference; explicitFileType = wrapper.application; includeInIndex = 0; path = Spotter.app; sourceTree = BUILT_PRODUCTS_DIR; };
		83E89BE91C66D29A00E446FA /* AppDelegate.swift */ = {isa = PBXFileReference; lastKnownFileType = sourcecode.swift; path = AppDelegate.swift; sourceTree = "<group>"; };
		83E89BEB1C66D29A00E446FA /* MapViewController.swift */ = {isa = PBXFileReference; lastKnownFileType = sourcecode.swift; path = MapViewController.swift; sourceTree = "<group>"; };
		83E89BEE1C66D29A00E446FA /* Base */ = {isa = PBXFileReference; lastKnownFileType = file.storyboard; name = Base; path = Base.lproj/Main.storyboard; sourceTree = "<group>"; };
		83E89BF01C66D29A00E446FA /* Assets.xcassets */ = {isa = PBXFileReference; lastKnownFileType = folder.assetcatalog; path = Assets.xcassets; sourceTree = "<group>"; };
		83E89BF31C66D29A00E446FA /* Base */ = {isa = PBXFileReference; lastKnownFileType = file.storyboard; name = Base; path = Base.lproj/LaunchScreen.storyboard; sourceTree = "<group>"; };
		83E89BF51C66D29A00E446FA /* Info.plist */ = {isa = PBXFileReference; lastKnownFileType = text.plist.xml; path = Info.plist; sourceTree = "<group>"; };
		83E89BFA1C66D29A00E446FA /* SpotterTests.xctest */ = {isa = PBXFileReference; explicitFileType = wrapper.cfbundle; includeInIndex = 0; path = SpotterTests.xctest; sourceTree = BUILT_PRODUCTS_DIR; };
		83E89BFE1C66D29A00E446FA /* SpotterTests.swift */ = {isa = PBXFileReference; lastKnownFileType = sourcecode.swift; path = SpotterTests.swift; sourceTree = "<group>"; };
		83E89C001C66D29A00E446FA /* Info.plist */ = {isa = PBXFileReference; lastKnownFileType = text.plist.xml; path = Info.plist; sourceTree = "<group>"; };
		83E89C051C66D29A00E446FA /* SpotterUITests.xctest */ = {isa = PBXFileReference; explicitFileType = wrapper.cfbundle; includeInIndex = 0; path = SpotterUITests.xctest; sourceTree = BUILT_PRODUCTS_DIR; };
		83E89C091C66D29A00E446FA /* SpotterUITests.swift */ = {isa = PBXFileReference; lastKnownFileType = sourcecode.swift; path = SpotterUITests.swift; sourceTree = "<group>"; };
		83E89C0B1C66D29A00E446FA /* Info.plist */ = {isa = PBXFileReference; lastKnownFileType = text.plist.xml; path = Info.plist; sourceTree = "<group>"; };
		83E89C181C66D3CF00E446FA /* Spotter-Bridging-Header.h */ = {isa = PBXFileReference; lastKnownFileType = sourcecode.c.h; path = "Spotter-Bridging-Header.h"; sourceTree = "<group>"; };
		83E89C191C66D3CF00E446FA /* SWRevealViewController.h */ = {isa = PBXFileReference; fileEncoding = 4; lastKnownFileType = sourcecode.c.h; path = SWRevealViewController.h; sourceTree = "<group>"; };
		83E89C1A1C66D3CF00E446FA /* SWRevealViewController.m */ = {isa = PBXFileReference; fileEncoding = 4; lastKnownFileType = sourcecode.c.objc; path = SWRevealViewController.m; sourceTree = "<group>"; };
		83F836971CBF1562006858C8 /* BuySpotListingViewController.swift */ = {isa = PBXFileReference; fileEncoding = 4; lastKnownFileType = sourcecode.swift; path = BuySpotListingViewController.swift; sourceTree = "<group>"; };
		83F836991CC8376B006858C8 /* MarkerInfo.swift */ = {isa = PBXFileReference; fileEncoding = 4; lastKnownFileType = sourcecode.swift; path = MarkerInfo.swift; sourceTree = "<group>"; };
		83FB0BE61C71BF6100CEE6EC /* SellerEditMenu.swift */ = {isa = PBXFileReference; fileEncoding = 4; lastKnownFileType = sourcecode.swift; path = SellerEditMenu.swift; sourceTree = "<group>"; };
		83FB0BE81C73338600CEE6EC /* ParkingType.swift */ = {isa = PBXFileReference; fileEncoding = 4; lastKnownFileType = sourcecode.swift; path = ParkingType.swift; sourceTree = "<group>"; };
		83FB0BEC1C7D719D00CEE6EC /* SellerEditAddressViewController.swift */ = {isa = PBXFileReference; fileEncoding = 4; lastKnownFileType = sourcecode.swift; path = SellerEditAddressViewController.swift; sourceTree = "<group>"; };
		83FD768B1C7F0346004FAA5A /* SellerEditMenuSingleton.swift */ = {isa = PBXFileReference; fileEncoding = 4; lastKnownFileType = sourcecode.swift; path = SellerEditMenuSingleton.swift; sourceTree = "<group>"; };
		83FEB1B51C81B6220086150F /* SellerEditPrice.swift */ = {isa = PBXFileReference; fileEncoding = 4; lastKnownFileType = sourcecode.swift; path = SellerEditPrice.swift; sourceTree = "<group>"; };
		848CCE3F8AE4E3108DFA2DCA /* Pods_Spotter.framework */ = {isa = PBXFileReference; explicitFileType = wrapper.framework; includeInIndex = 0; path = Pods_Spotter.framework; sourceTree = BUILT_PRODUCTS_DIR; };
		B31340191C7D93AC003FD1D7 /* SearchResultsController.swift */ = {isa = PBXFileReference; fileEncoding = 4; lastKnownFileType = sourcecode.swift; path = SearchResultsController.swift; sourceTree = "<group>"; };
		B35DDB6E1C7D45480099BFBC /* MapTasks.swift */ = {isa = PBXFileReference; fileEncoding = 4; lastKnownFileType = sourcecode.swift; path = MapTasks.swift; sourceTree = "<group>"; };
		B372C7931CCECC8B00C0094D /* SellerEditAvailableTimesViewController.swift */ = {isa = PBXFileReference; fileEncoding = 4; lastKnownFileType = sourcecode.swift; path = SellerEditAvailableTimesViewController.swift; sourceTree = "<group>"; };
		B38F46871CBF2CCB00F5D4CC /* Listing.swift */ = {isa = PBXFileReference; fileEncoding = 4; lastKnownFileType = sourcecode.swift; path = Listing.swift; sourceTree = "<group>"; };
		B3A46FB81C6ECB490061A185 /* Base */ = {isa = PBXFileReference; lastKnownFileType = file.storyboard; name = Base; path = Base.lproj/Home.storyboard; sourceTree = "<group>"; };
		B3A46FBA1C6ECBA10061A185 /* Selling.storyboard */ = {isa = PBXFileReference; fileEncoding = 4; lastKnownFileType = file.storyboard; name = Selling.storyboard; path = Base.lproj/Selling.storyboard; sourceTree = "<group>"; };
		B3A46FBD1C6ECBF60061A185 /* Base */ = {isa = PBXFileReference; lastKnownFileType = file.storyboard; name = Base; path = Base.lproj/Settings.storyboard; sourceTree = "<group>"; };
		B3A46FC01C6ECE660061A185 /* Base */ = {isa = PBXFileReference; lastKnownFileType = file.storyboard; name = Base; path = Base.lproj/Profile.storyboard; sourceTree = "<group>"; };
		B3A46FC31C6ECE900061A185 /* Base */ = {isa = PBXFileReference; lastKnownFileType = file.storyboard; name = Base; path = Base.lproj/Reservations.storyboard; sourceTree = "<group>"; };
		B3A46FC61C6ECECB0061A185 /* Base */ = {isa = PBXFileReference; lastKnownFileType = file.storyboard; name = Base; path = Base.lproj/Payment.storyboard; sourceTree = "<group>"; };
		B3A46FC81C6ECEF30061A185 /* History.storyboard */ = {isa = PBXFileReference; fileEncoding = 4; lastKnownFileType = file.storyboard; path = History.storyboard; sourceTree = "<group>"; };
		B3A46FCA1C6ECFB80061A185 /* ReservationsViewController.swift */ = {isa = PBXFileReference; fileEncoding = 4; lastKnownFileType = sourcecode.swift; path = ReservationsViewController.swift; sourceTree = "<group>"; };
		B3A46FCC1C6ECFD00061A185 /* PaymentViewController.swift */ = {isa = PBXFileReference; fileEncoding = 4; lastKnownFileType = sourcecode.swift; path = PaymentViewController.swift; sourceTree = "<group>"; };
		B3A46FCE1C6ECFE30061A185 /* ProfileViewController.swift */ = {isa = PBXFileReference; fileEncoding = 4; lastKnownFileType = sourcecode.swift; path = ProfileViewController.swift; sourceTree = "<group>"; };
		B3A46FD21C6ED3920061A185 /* SoldSpotsViewController.swift */ = {isa = PBXFileReference; fileEncoding = 4; lastKnownFileType = sourcecode.swift; path = SoldSpotsViewController.swift; sourceTree = "<group>"; };
		B3A46FD41C6ED39D0061A185 /* ListingsViewController.swift */ = {isa = PBXFileReference; fileEncoding = 4; lastKnownFileType = sourcecode.swift; path = ListingsViewController.swift; sourceTree = "<group>"; };
		B3E2B29D1C6C2C9900B3FA0C /* BaseViewController.swift */ = {isa = PBXFileReference; fileEncoding = 4; lastKnownFileType = sourcecode.swift; path = BaseViewController.swift; sourceTree = "<group>"; };
/* End PBXFileReference section */

/* Begin PBXFrameworksBuildPhase section */
		83E89BE31C66D29A00E446FA /* Frameworks */ = {
			isa = PBXFrameworksBuildPhase;
			buildActionMask = 2147483647;
			files = (
				313AA101784AE2E0A3849EFB /* Pods_Spotter.framework in Frameworks */,
			);
			runOnlyForDeploymentPostprocessing = 0;
		};
		83E89BF71C66D29A00E446FA /* Frameworks */ = {
			isa = PBXFrameworksBuildPhase;
			buildActionMask = 2147483647;
			files = (
			);
			runOnlyForDeploymentPostprocessing = 0;
		};
		83E89C021C66D29A00E446FA /* Frameworks */ = {
			isa = PBXFrameworksBuildPhase;
			buildActionMask = 2147483647;
			files = (
			);
			runOnlyForDeploymentPostprocessing = 0;
		};
/* End PBXFrameworksBuildPhase section */

/* Begin PBXGroup section */
		2E9D39370ECBA5C252B43D79 /* Frameworks */ = {
			isa = PBXGroup;
			children = (
				848CCE3F8AE4E3108DFA2DCA /* Pods_Spotter.framework */,
			);
			name = Frameworks;
			sourceTree = "<group>";
		};
		50ADA701A471340F9861483F /* Pods */ = {
			isa = PBXGroup;
			children = (
				04CC864E548E7E652923DC4F /* Pods-Spotter.debug.xcconfig */,
				81E584F28AF02E9A285B4276 /* Pods-Spotter.release.xcconfig */,
			);
			name = Pods;
			sourceTree = "<group>";
		};
		83E89BDD1C66D29A00E446FA = {
			isa = PBXGroup;
			children = (
				83E89BE81C66D29A00E446FA /* Spotter */,
				83E89BFD1C66D29A00E446FA /* SpotterTests */,
				83E89C081C66D29A00E446FA /* SpotterUITests */,
				83E89BE71C66D29A00E446FA /* Products */,
				50ADA701A471340F9861483F /* Pods */,
				2E9D39370ECBA5C252B43D79 /* Frameworks */,
			);
			sourceTree = "<group>";
		};
		83E89BE71C66D29A00E446FA /* Products */ = {
			isa = PBXGroup;
			children = (
				83E89BE61C66D29A00E446FA /* Spotter.app */,
				83E89BFA1C66D29A00E446FA /* SpotterTests.xctest */,
				83E89C051C66D29A00E446FA /* SpotterUITests.xctest */,
			);
			name = Products;
			sourceTree = "<group>";
		};
		83E89BE81C66D29A00E446FA /* Spotter */ = {
			isa = PBXGroup;
			children = (
				B35DDB691C7C44050099BFBC /* Model */,
				B30AFE531C6D68D400FBC36E /* Controllers */,
				83E89C171C66D38400E446FA /* Supporting Libraries */,
				B3A46FB61C6ECB2A0061A185 /* Storyboards */,
				83E89BE91C66D29A00E446FA /* AppDelegate.swift */,
				83E89BF01C66D29A00E446FA /* Assets.xcassets */,
				83E89BF21C66D29A00E446FA /* LaunchScreen.storyboard */,
				83E89BF51C66D29A00E446FA /* Info.plist */,
			);
			path = Spotter;
			sourceTree = "<group>";
		};
		83E89BFD1C66D29A00E446FA /* SpotterTests */ = {
			isa = PBXGroup;
			children = (
				83E89BFE1C66D29A00E446FA /* SpotterTests.swift */,
				83E89C001C66D29A00E446FA /* Info.plist */,
			);
			path = SpotterTests;
			sourceTree = "<group>";
		};
		83E89C081C66D29A00E446FA /* SpotterUITests */ = {
			isa = PBXGroup;
			children = (
				83E89C091C66D29A00E446FA /* SpotterUITests.swift */,
				83E89C0B1C66D29A00E446FA /* Info.plist */,
			);
			path = SpotterUITests;
			sourceTree = "<group>";
		};
		83E89C171C66D38400E446FA /* Supporting Libraries */ = {
			isa = PBXGroup;
			children = (
				B35DDB711C7D51DA0099BFBC /* Map Helpers */,
				B35DDB701C7D51C30099BFBC /* Sliding Menu */,
			);
			name = "Supporting Libraries";
			sourceTree = "<group>";
		};
		83FB0BE51C71BC1C00CEE6EC /* Selling */ = {
			isa = PBXGroup;
			children = (
				B3A46FD41C6ED39D0061A185 /* ListingsViewController.swift */,
				B3A46FD21C6ED3920061A185 /* SoldSpotsViewController.swift */,
				83FB0BE61C71BF6100CEE6EC /* SellerEditMenu.swift */,
				83FB0BE81C73338600CEE6EC /* ParkingType.swift */,
				83FB0BEC1C7D719D00CEE6EC /* SellerEditAddressViewController.swift */,
				83FD768B1C7F0346004FAA5A /* SellerEditMenuSingleton.swift */,
				83FEB1B51C81B6220086150F /* SellerEditPrice.swift */,
				B372C7931CCECC8B00C0094D /* SellerEditAvailableTimesViewController.swift */,
			);
			name = Selling;
			sourceTree = "<group>";
		};
		B30AFE531C6D68D400FBC36E /* Controllers */ = {
			isa = PBXGroup;
			children = (
				83FB0BE51C71BC1C00CEE6EC /* Selling */,
				B3E2B29D1C6C2C9900B3FA0C /* BaseViewController.swift */,
				83E89BEB1C66D29A00E446FA /* MapViewController.swift */,
				8360AC801C67103600D9747C /* HistoryViewController.swift */,
				0DD566FD1C699FC40016643D /* FirebaseTest.swift */,
				0D2847801C7429040014E10D /* SignUpViewController.swift */,
				83F836971CBF1562006858C8 /* BuySpotListingViewController.swift */,
				83E6964E1C66F19A007EB221 /* BackTableViewController.swift */,
				B3A46FCA1C6ECFB80061A185 /* ReservationsViewController.swift */,
				B3A46FCC1C6ECFD00061A185 /* PaymentViewController.swift */,
				0DD830EC1C86A490001D0673 /* LoginViewController.swift */,
				B3A46FCE1C6ECFE30061A185 /* ProfileViewController.swift */,
				83E2FA9D1C88549B00284620 /* UserInfoSingleton.swift */,
			);
			name = Controllers;
			sourceTree = "<group>";
		};
		B35DDB691C7C44050099BFBC /* Model */ = {
			isa = PBXGroup;
			children = (
				83F836991CC8376B006858C8 /* MarkerInfo.swift */,
				B38F46871CBF2CCB00F5D4CC /* Listing.swift */,
			);
			name = Model;
			sourceTree = "<group>";
		};
		B35DDB701C7D51C30099BFBC /* Sliding Menu */ = {
			isa = PBXGroup;
			children = (
				83E89C191C66D3CF00E446FA /* SWRevealViewController.h */,
				83E89C1A1C66D3CF00E446FA /* SWRevealViewController.m */,
				83E89C181C66D3CF00E446FA /* Spotter-Bridging-Header.h */,
			);
			name = "Sliding Menu";
			sourceTree = "<group>";
		};
		B35DDB711C7D51DA0099BFBC /* Map Helpers */ = {
			isa = PBXGroup;
			children = (
				B35DDB6E1C7D45480099BFBC /* MapTasks.swift */,
				B31340191C7D93AC003FD1D7 /* SearchResultsController.swift */,
			);
			name = "Map Helpers";
			sourceTree = "<group>";
		};
		B3A46FB61C6ECB2A0061A185 /* Storyboards */ = {
			isa = PBXGroup;
			children = (
				83E89BED1C66D29A00E446FA /* Main.storyboard */,
				B3A46FC81C6ECEF30061A185 /* History.storyboard */,
				B3A46FC51C6ECECB0061A185 /* Payment.storyboard */,
				B3A46FC21C6ECE900061A185 /* Reservations.storyboard */,
				0D2847841C7429880014E10D /* SignUp.storyboard */,
				B3A46FBF1C6ECE660061A185 /* Profile.storyboard */,
				B3A46FBC1C6ECBF60061A185 /* Settings.storyboard */,
				B3A46FBA1C6ECBA10061A185 /* Selling.storyboard */,
				B3A46FB71C6ECB490061A185 /* Home.storyboard */,
			);
			name = Storyboards;
			sourceTree = "<group>";
		};
/* End PBXGroup section */

/* Begin PBXNativeTarget section */
		83E89BE51C66D29A00E446FA /* Spotter */ = {
			isa = PBXNativeTarget;
			buildConfigurationList = 83E89C0E1C66D29A00E446FA /* Build configuration list for PBXNativeTarget "Spotter" */;
			buildPhases = (
				70252EB55AFEA1BCC8C15F74 /* Check Pods Manifest.lock */,
				83E89BE21C66D29A00E446FA /* Sources */,
				83E89BE31C66D29A00E446FA /* Frameworks */,
				83E89BE41C66D29A00E446FA /* Resources */,
				FBCAB2C03609A4211EAE7E61 /* Embed Pods Frameworks */,
				F000668ED4483DDF297AC8D2 /* Copy Pods Resources */,
			);
			buildRules = (
			);
			dependencies = (
			);
			name = Spotter;
			productName = Spotter;
			productReference = 83E89BE61C66D29A00E446FA /* Spotter.app */;
			productType = "com.apple.product-type.application";
		};
		83E89BF91C66D29A00E446FA /* SpotterTests */ = {
			isa = PBXNativeTarget;
			buildConfigurationList = 83E89C111C66D29A00E446FA /* Build configuration list for PBXNativeTarget "SpotterTests" */;
			buildPhases = (
				83E89BF61C66D29A00E446FA /* Sources */,
				83E89BF71C66D29A00E446FA /* Frameworks */,
				83E89BF81C66D29A00E446FA /* Resources */,
			);
			buildRules = (
			);
			dependencies = (
				83E89BFC1C66D29A00E446FA /* PBXTargetDependency */,
			);
			name = SpotterTests;
			productName = SpotterTests;
			productReference = 83E89BFA1C66D29A00E446FA /* SpotterTests.xctest */;
			productType = "com.apple.product-type.bundle.unit-test";
		};
		83E89C041C66D29A00E446FA /* SpotterUITests */ = {
			isa = PBXNativeTarget;
			buildConfigurationList = 83E89C141C66D29A00E446FA /* Build configuration list for PBXNativeTarget "SpotterUITests" */;
			buildPhases = (
				83E89C011C66D29A00E446FA /* Sources */,
				83E89C021C66D29A00E446FA /* Frameworks */,
				83E89C031C66D29A00E446FA /* Resources */,
			);
			buildRules = (
			);
			dependencies = (
				83E89C071C66D29A00E446FA /* PBXTargetDependency */,
			);
			name = SpotterUITests;
			productName = SpotterUITests;
			productReference = 83E89C051C66D29A00E446FA /* SpotterUITests.xctest */;
			productType = "com.apple.product-type.bundle.ui-testing";
		};
/* End PBXNativeTarget section */

/* Begin PBXProject section */
		83E89BDE1C66D29A00E446FA /* Project object */ = {
			isa = PBXProject;
			attributes = {
				LastSwiftUpdateCheck = 0720;
				LastUpgradeCheck = 0720;
				ORGANIZATIONNAME = "Christopher Chan";
				TargetAttributes = {
					83E89BE51C66D29A00E446FA = {
						CreatedOnToolsVersion = 7.2;
						DevelopmentTeam = TYWQKW8B5R;
					};
					83E89BF91C66D29A00E446FA = {
						CreatedOnToolsVersion = 7.2;
						DevelopmentTeam = N93J4S57HA;
						TestTargetID = 83E89BE51C66D29A00E446FA;
					};
					83E89C041C66D29A00E446FA = {
						CreatedOnToolsVersion = 7.2;
						DevelopmentTeam = N93J4S57HA;
						TestTargetID = 83E89BE51C66D29A00E446FA;
					};
				};
			};
			buildConfigurationList = 83E89BE11C66D29A00E446FA /* Build configuration list for PBXProject "Spotter" */;
			compatibilityVersion = "Xcode 3.2";
			developmentRegion = English;
			hasScannedForEncodings = 0;
			knownRegions = (
				en,
				Base,
			);
			mainGroup = 83E89BDD1C66D29A00E446FA;
			productRefGroup = 83E89BE71C66D29A00E446FA /* Products */;
			projectDirPath = "";
			projectRoot = "";
			targets = (
				83E89BE51C66D29A00E446FA /* Spotter */,
				83E89BF91C66D29A00E446FA /* SpotterTests */,
				83E89C041C66D29A00E446FA /* SpotterUITests */,
			);
		};
/* End PBXProject section */

/* Begin PBXResourcesBuildPhase section */
		83E89BE41C66D29A00E446FA /* Resources */ = {
			isa = PBXResourcesBuildPhase;
			buildActionMask = 2147483647;
			files = (
				0D2847851C7429890014E10D /* SignUp.storyboard in Resources */,
				B3A46FC71C6ECECB0061A185 /* Payment.storyboard in Resources */,
				83E89BF41C66D29A00E446FA /* LaunchScreen.storyboard in Resources */,
				83E89BF11C66D29A00E446FA /* Assets.xcassets in Resources */,
				B3A46FC91C6ECEF30061A185 /* History.storyboard in Resources */,
				83E89BEF1C66D29A00E446FA /* Main.storyboard in Resources */,
				B3A46FC41C6ECE900061A185 /* Reservations.storyboard in Resources */,
				B3A46FBE1C6ECBF60061A185 /* Settings.storyboard in Resources */,
				B3A46FBB1C6ECBA10061A185 /* Selling.storyboard in Resources */,
				B3A46FC11C6ECE660061A185 /* Profile.storyboard in Resources */,
				B3A46FB91C6ECB490061A185 /* Home.storyboard in Resources */,
			);
			runOnlyForDeploymentPostprocessing = 0;
		};
		83E89BF81C66D29A00E446FA /* Resources */ = {
			isa = PBXResourcesBuildPhase;
			buildActionMask = 2147483647;
			files = (
			);
			runOnlyForDeploymentPostprocessing = 0;
		};
		83E89C031C66D29A00E446FA /* Resources */ = {
			isa = PBXResourcesBuildPhase;
			buildActionMask = 2147483647;
			files = (
			);
			runOnlyForDeploymentPostprocessing = 0;
		};
/* End PBXResourcesBuildPhase section */

/* Begin PBXShellScriptBuildPhase section */
		70252EB55AFEA1BCC8C15F74 /* Check Pods Manifest.lock */ = {
			isa = PBXShellScriptBuildPhase;
			buildActionMask = 2147483647;
			files = (
			);
			inputPaths = (
			);
			name = "Check Pods Manifest.lock";
			outputPaths = (
			);
			runOnlyForDeploymentPostprocessing = 0;
			shellPath = /bin/sh;
			shellScript = "diff \"${PODS_ROOT}/../Podfile.lock\" \"${PODS_ROOT}/Manifest.lock\" > /dev/null\nif [[ $? != 0 ]] ; then\n    cat << EOM\nerror: The sandbox is not in sync with the Podfile.lock. Run 'pod install' or update your CocoaPods installation.\nEOM\n    exit 1\nfi\n";
			showEnvVarsInLog = 0;
		};
		F000668ED4483DDF297AC8D2 /* Copy Pods Resources */ = {
			isa = PBXShellScriptBuildPhase;
			buildActionMask = 2147483647;
			files = (
			);
			inputPaths = (
			);
			name = "Copy Pods Resources";
			outputPaths = (
			);
			runOnlyForDeploymentPostprocessing = 0;
			shellPath = /bin/sh;
			shellScript = "\"${SRCROOT}/Pods/Target Support Files/Pods-Spotter/Pods-Spotter-resources.sh\"\n";
			showEnvVarsInLog = 0;
		};
		FBCAB2C03609A4211EAE7E61 /* Embed Pods Frameworks */ = {
			isa = PBXShellScriptBuildPhase;
			buildActionMask = 2147483647;
			files = (
			);
			inputPaths = (
			);
			name = "Embed Pods Frameworks";
			outputPaths = (
			);
			runOnlyForDeploymentPostprocessing = 0;
			shellPath = /bin/sh;
			shellScript = "\"${SRCROOT}/Pods/Target Support Files/Pods-Spotter/Pods-Spotter-frameworks.sh\"\n";
			showEnvVarsInLog = 0;
		};
/* End PBXShellScriptBuildPhase section */

/* Begin PBXSourcesBuildPhase section */
		83E89BE21C66D29A00E446FA /* Sources */ = {
			isa = PBXSourcesBuildPhase;
			buildActionMask = 2147483647;
			files = (
				0DD566FE1C699FC40016643D /* FirebaseTest.swift in Sources */,
				83E2FA9E1C88549B00284620 /* UserInfoSingleton.swift in Sources */,
				8360AC811C67103600D9747C /* HistoryViewController.swift in Sources */,
				83FB0BED1C7D719D00CEE6EC /* SellerEditAddressViewController.swift in Sources */,
				83F836981CBF1562006858C8 /* BuySpotListingViewController.swift in Sources */,
				83FD768C1C7F0346004FAA5A /* SellerEditMenuSingleton.swift in Sources */,
				83E6964F1C66F19A007EB221 /* BackTableViewController.swift in Sources */,
				B372C7941CCECC8B00C0094D /* SellerEditAvailableTimesViewController.swift in Sources */,
				83E89BEC1C66D29A00E446FA /* MapViewController.swift in Sources */,
				B313401A1C7D93AC003FD1D7 /* SearchResultsController.swift in Sources */,
				83F8369A1CC8376B006858C8 /* MarkerInfo.swift in Sources */,
				83E89BEA1C66D29A00E446FA /* AppDelegate.swift in Sources */,
				B3E2B29E1C6C2C9900B3FA0C /* BaseViewController.swift in Sources */,
				B38F46881CBF2CCB00F5D4CC /* Listing.swift in Sources */,
				83FB0BE91C73338600CEE6EC /* ParkingType.swift in Sources */,
				0DD830ED1C86A490001D0673 /* LoginViewController.swift in Sources */,
				0DD830F21C86BF71001D0673 /* SellerEditMenu.swift in Sources */,
				0D2847811C7429040014E10D /* SignUpViewController.swift in Sources */,
				B3A46FCF1C6ECFE30061A185 /* ProfileViewController.swift in Sources */,
				B3A46FCD1C6ECFD00061A185 /* PaymentViewController.swift in Sources */,
				B3A46FD31C6ED3920061A185 /* SoldSpotsViewController.swift in Sources */,
				83E89C1B1C66D3CF00E446FA /* SWRevealViewController.m in Sources */,
				B3A46FCB1C6ECFB80061A185 /* ReservationsViewController.swift in Sources */,
				83FEB1B61C81B6220086150F /* SellerEditPrice.swift in Sources */,
				B35DDB6F1C7D45480099BFBC /* MapTasks.swift in Sources */,
				B3A46FD51C6ED39D0061A185 /* ListingsViewController.swift in Sources */,
			);
			runOnlyForDeploymentPostprocessing = 0;
		};
		83E89BF61C66D29A00E446FA /* Sources */ = {
			isa = PBXSourcesBuildPhase;
			buildActionMask = 2147483647;
			files = (
				83E89BFF1C66D29A00E446FA /* SpotterTests.swift in Sources */,
			);
			runOnlyForDeploymentPostprocessing = 0;
		};
		83E89C011C66D29A00E446FA /* Sources */ = {
			isa = PBXSourcesBuildPhase;
			buildActionMask = 2147483647;
			files = (
				83E89C0A1C66D29A00E446FA /* SpotterUITests.swift in Sources */,
			);
			runOnlyForDeploymentPostprocessing = 0;
		};
/* End PBXSourcesBuildPhase section */

/* Begin PBXTargetDependency section */
		83E89BFC1C66D29A00E446FA /* PBXTargetDependency */ = {
			isa = PBXTargetDependency;
			target = 83E89BE51C66D29A00E446FA /* Spotter */;
			targetProxy = 83E89BFB1C66D29A00E446FA /* PBXContainerItemProxy */;
		};
		83E89C071C66D29A00E446FA /* PBXTargetDependency */ = {
			isa = PBXTargetDependency;
			target = 83E89BE51C66D29A00E446FA /* Spotter */;
			targetProxy = 83E89C061C66D29A00E446FA /* PBXContainerItemProxy */;
		};
/* End PBXTargetDependency section */

/* Begin PBXVariantGroup section */
		83E89BED1C66D29A00E446FA /* Main.storyboard */ = {
			isa = PBXVariantGroup;
			children = (
				83E89BEE1C66D29A00E446FA /* Base */,
			);
			name = Main.storyboard;
			sourceTree = "<group>";
		};
		83E89BF21C66D29A00E446FA /* LaunchScreen.storyboard */ = {
			isa = PBXVariantGroup;
			children = (
				83E89BF31C66D29A00E446FA /* Base */,
			);
			name = LaunchScreen.storyboard;
			sourceTree = "<group>";
		};
		B3A46FB71C6ECB490061A185 /* Home.storyboard */ = {
			isa = PBXVariantGroup;
			children = (
				B3A46FB81C6ECB490061A185 /* Base */,
			);
			name = Home.storyboard;
			sourceTree = "<group>";
		};
		B3A46FBC1C6ECBF60061A185 /* Settings.storyboard */ = {
			isa = PBXVariantGroup;
			children = (
				B3A46FBD1C6ECBF60061A185 /* Base */,
			);
			name = Settings.storyboard;
			sourceTree = "<group>";
		};
		B3A46FBF1C6ECE660061A185 /* Profile.storyboard */ = {
			isa = PBXVariantGroup;
			children = (
				B3A46FC01C6ECE660061A185 /* Base */,
			);
			name = Profile.storyboard;
			sourceTree = "<group>";
		};
		B3A46FC21C6ECE900061A185 /* Reservations.storyboard */ = {
			isa = PBXVariantGroup;
			children = (
				B3A46FC31C6ECE900061A185 /* Base */,
			);
			name = Reservations.storyboard;
			sourceTree = "<group>";
		};
		B3A46FC51C6ECECB0061A185 /* Payment.storyboard */ = {
			isa = PBXVariantGroup;
			children = (
				B3A46FC61C6ECECB0061A185 /* Base */,
			);
			name = Payment.storyboard;
			sourceTree = "<group>";
		};
/* End PBXVariantGroup section */

/* Begin XCBuildConfiguration section */
		83E89C0C1C66D29A00E446FA /* Debug */ = {
			isa = XCBuildConfiguration;
			buildSettings = {
				ALWAYS_SEARCH_USER_PATHS = NO;
				CLANG_CXX_LANGUAGE_STANDARD = "gnu++0x";
				CLANG_CXX_LIBRARY = "libc++";
				CLANG_ENABLE_MODULES = YES;
				CLANG_ENABLE_OBJC_ARC = YES;
				CLANG_WARN_BOOL_CONVERSION = YES;
				CLANG_WARN_CONSTANT_CONVERSION = YES;
				CLANG_WARN_DIRECT_OBJC_ISA_USAGE = YES_ERROR;
				CLANG_WARN_EMPTY_BODY = YES;
				CLANG_WARN_ENUM_CONVERSION = YES;
				CLANG_WARN_INT_CONVERSION = YES;
				CLANG_WARN_OBJC_ROOT_CLASS = YES_ERROR;
				CLANG_WARN_UNREACHABLE_CODE = YES;
				CLANG_WARN__DUPLICATE_METHOD_MATCH = YES;
				"CODE_SIGN_IDENTITY[sdk=iphoneos*]" = "iPhone Developer";
				COPY_PHASE_STRIP = NO;
				DEBUG_INFORMATION_FORMAT = dwarf;
				ENABLE_STRICT_OBJC_MSGSEND = YES;
				ENABLE_TESTABILITY = YES;
				GCC_C_LANGUAGE_STANDARD = gnu99;
				GCC_DYNAMIC_NO_PIC = NO;
				GCC_NO_COMMON_BLOCKS = YES;
				GCC_OPTIMIZATION_LEVEL = 0;
				GCC_PREPROCESSOR_DEFINITIONS = (
					"DEBUG=1",
					"$(inherited)",
				);
				GCC_WARN_64_TO_32_BIT_CONVERSION = YES;
				GCC_WARN_ABOUT_RETURN_TYPE = YES_ERROR;
				GCC_WARN_UNDECLARED_SELECTOR = YES;
				GCC_WARN_UNINITIALIZED_AUTOS = YES_AGGRESSIVE;
				GCC_WARN_UNUSED_FUNCTION = YES;
				GCC_WARN_UNUSED_VARIABLE = YES;
				IPHONEOS_DEPLOYMENT_TARGET = 9.0;
				MTL_ENABLE_DEBUG_INFO = YES;
				ONLY_ACTIVE_ARCH = YES;
				SDKROOT = iphoneos;
				SWIFT_OPTIMIZATION_LEVEL = "-Onone";
			};
			name = Debug;
		};
		83E89C0D1C66D29A00E446FA /* Release */ = {
			isa = XCBuildConfiguration;
			buildSettings = {
				ALWAYS_SEARCH_USER_PATHS = NO;
				CLANG_CXX_LANGUAGE_STANDARD = "gnu++0x";
				CLANG_CXX_LIBRARY = "libc++";
				CLANG_ENABLE_MODULES = YES;
				CLANG_ENABLE_OBJC_ARC = YES;
				CLANG_WARN_BOOL_CONVERSION = YES;
				CLANG_WARN_CONSTANT_CONVERSION = YES;
				CLANG_WARN_DIRECT_OBJC_ISA_USAGE = YES_ERROR;
				CLANG_WARN_EMPTY_BODY = YES;
				CLANG_WARN_ENUM_CONVERSION = YES;
				CLANG_WARN_INT_CONVERSION = YES;
				CLANG_WARN_OBJC_ROOT_CLASS = YES_ERROR;
				CLANG_WARN_UNREACHABLE_CODE = YES;
				CLANG_WARN__DUPLICATE_METHOD_MATCH = YES;
				"CODE_SIGN_IDENTITY[sdk=iphoneos*]" = "iPhone Developer";
				COPY_PHASE_STRIP = NO;
				DEBUG_INFORMATION_FORMAT = "dwarf-with-dsym";
				ENABLE_NS_ASSERTIONS = NO;
				ENABLE_STRICT_OBJC_MSGSEND = YES;
				GCC_C_LANGUAGE_STANDARD = gnu99;
				GCC_NO_COMMON_BLOCKS = YES;
				GCC_WARN_64_TO_32_BIT_CONVERSION = YES;
				GCC_WARN_ABOUT_RETURN_TYPE = YES_ERROR;
				GCC_WARN_UNDECLARED_SELECTOR = YES;
				GCC_WARN_UNINITIALIZED_AUTOS = YES_AGGRESSIVE;
				GCC_WARN_UNUSED_FUNCTION = YES;
				GCC_WARN_UNUSED_VARIABLE = YES;
				IPHONEOS_DEPLOYMENT_TARGET = 9.0;
				MTL_ENABLE_DEBUG_INFO = NO;
				SDKROOT = iphoneos;
				VALIDATE_PRODUCT = YES;
			};
			name = Release;
		};
		83E89C0F1C66D29A00E446FA /* Debug */ = {
			isa = XCBuildConfiguration;
			baseConfigurationReference = 04CC864E548E7E652923DC4F /* Pods-Spotter.debug.xcconfig */;
			buildSettings = {
				ASSETCATALOG_COMPILER_APPICON_NAME = AppIcon;
				CLANG_ENABLE_MODULES = YES;
				CODE_SIGN_IDENTITY = "iPhone Developer";
				"CODE_SIGN_IDENTITY[sdk=iphoneos*]" = "iPhone Developer";
				INFOPLIST_FILE = Spotter/Info.plist;
				IPHONEOS_DEPLOYMENT_TARGET = 9.0;
				LD_RUNPATH_SEARCH_PATHS = "$(inherited) @executable_path/Frameworks";
				PRODUCT_BUNDLE_IDENTIFIER = com.corey.Spotter;
				PRODUCT_NAME = "$(TARGET_NAME)";
				PROVISIONING_PROFILE = "";
				SWIFT_OBJC_BRIDGING_HEADER = "Spotter/Spotter-Bridging-Header.h";
				SWIFT_OPTIMIZATION_LEVEL = "-Onone";
			};
			name = Debug;
		};
		83E89C101C66D29A00E446FA /* Release */ = {
			isa = XCBuildConfiguration;
			baseConfigurationReference = 81E584F28AF02E9A285B4276 /* Pods-Spotter.release.xcconfig */;
			buildSettings = {
				ASSETCATALOG_COMPILER_APPICON_NAME = AppIcon;
				CLANG_ENABLE_MODULES = YES;
				CODE_SIGN_IDENTITY = "iPhone Developer";
				"CODE_SIGN_IDENTITY[sdk=iphoneos*]" = "iPhone Developer";
				INFOPLIST_FILE = Spotter/Info.plist;
				IPHONEOS_DEPLOYMENT_TARGET = 9.0;
				LD_RUNPATH_SEARCH_PATHS = "$(inherited) @executable_path/Frameworks";
				PRODUCT_BUNDLE_IDENTIFIER = com.corey.Spotter;
				PRODUCT_NAME = "$(TARGET_NAME)";
				PROVISIONING_PROFILE = "";
				SWIFT_OBJC_BRIDGING_HEADER = "Spotter/Spotter-Bridging-Header.h";
			};
			name = Release;
		};
		83E89C121C66D29A00E446FA /* Debug */ = {
			isa = XCBuildConfiguration;
			buildSettings = {
				BUNDLE_LOADER = "$(TEST_HOST)";
				INFOPLIST_FILE = SpotterTests/Info.plist;
				LD_RUNPATH_SEARCH_PATHS = "$(inherited) @executable_path/Frameworks @loader_path/Frameworks";
				PRODUCT_BUNDLE_IDENTIFIER = FortyTwoJumpSt.SpotterTests;
				PRODUCT_NAME = "$(TARGET_NAME)";
				TEST_HOST = "$(BUILT_PRODUCTS_DIR)/Spotter.app/Spotter";
			};
			name = Debug;
		};
		83E89C131C66D29A00E446FA /* Release */ = {
			isa = XCBuildConfiguration;
			buildSettings = {
				BUNDLE_LOADER = "$(TEST_HOST)";
				INFOPLIST_FILE = SpotterTests/Info.plist;
				LD_RUNPATH_SEARCH_PATHS = "$(inherited) @executable_path/Frameworks @loader_path/Frameworks";
				PRODUCT_BUNDLE_IDENTIFIER = FortyTwoJumpSt.SpotterTests;
				PRODUCT_NAME = "$(TARGET_NAME)";
				TEST_HOST = "$(BUILT_PRODUCTS_DIR)/Spotter.app/Spotter";
			};
			name = Release;
		};
		83E89C151C66D29A00E446FA /* Debug */ = {
			isa = XCBuildConfiguration;
			buildSettings = {
				INFOPLIST_FILE = SpotterUITests/Info.plist;
				LD_RUNPATH_SEARCH_PATHS = "$(inherited) @executable_path/Frameworks @loader_path/Frameworks";
				PRODUCT_BUNDLE_IDENTIFIER = FortyTwoJumpSt.SpotterUITests;
				PRODUCT_NAME = "$(TARGET_NAME)";
				TEST_TARGET_NAME = Spotter;
				USES_XCTRUNNER = YES;
			};
			name = Debug;
		};
		83E89C161C66D29A00E446FA /* Release */ = {
			isa = XCBuildConfiguration;
			buildSettings = {
				INFOPLIST_FILE = SpotterUITests/Info.plist;
				LD_RUNPATH_SEARCH_PATHS = "$(inherited) @executable_path/Frameworks @loader_path/Frameworks";
				PRODUCT_BUNDLE_IDENTIFIER = FortyTwoJumpSt.SpotterUITests;
				PRODUCT_NAME = "$(TARGET_NAME)";
				TEST_TARGET_NAME = Spotter;
				USES_XCTRUNNER = YES;
			};
			name = Release;
		};
/* End XCBuildConfiguration section */

/* Begin XCConfigurationList section */
		83E89BE11C66D29A00E446FA /* Build configuration list for PBXProject "Spotter" */ = {
			isa = XCConfigurationList;
			buildConfigurations = (
				83E89C0C1C66D29A00E446FA /* Debug */,
				83E89C0D1C66D29A00E446FA /* Release */,
			);
			defaultConfigurationIsVisible = 0;
			defaultConfigurationName = Release;
		};
		83E89C0E1C66D29A00E446FA /* Build configuration list for PBXNativeTarget "Spotter" */ = {
			isa = XCConfigurationList;
			buildConfigurations = (
				83E89C0F1C66D29A00E446FA /* Debug */,
				83E89C101C66D29A00E446FA /* Release */,
			);
			defaultConfigurationIsVisible = 0;
			defaultConfigurationName = Release;
		};
		83E89C111C66D29A00E446FA /* Build configuration list for PBXNativeTarget "SpotterTests" */ = {
			isa = XCConfigurationList;
			buildConfigurations = (
				83E89C121C66D29A00E446FA /* Debug */,
				83E89C131C66D29A00E446FA /* Release */,
			);
			defaultConfigurationIsVisible = 0;
			defaultConfigurationName = Release;
		};
		83E89C141C66D29A00E446FA /* Build configuration list for PBXNativeTarget "SpotterUITests" */ = {
			isa = XCConfigurationList;
			buildConfigurations = (
				83E89C151C66D29A00E446FA /* Debug */,
				83E89C161C66D29A00E446FA /* Release */,
			);
			defaultConfigurationIsVisible = 0;
			defaultConfigurationName = Release;
		};
/* End XCConfigurationList section */
	};
	rootObject = 83E89BDE1C66D29A00E446FA /* Project object */;
}
